<?xml version="1.0" encoding="utf-8"?>
<Project ToolsVersion="4.0" xmlns="http://schemas.microsoft.com/developer/msbuild/2003">
  <ItemGroup>
    <Filter Include="Source Files">
      <UniqueIdentifier>{4FC737F1-C7A5-4376-A066-2A32D752A2FF}</UniqueIdentifier>
      <Extensions>cpp;c;cc;cxx;def;odl;idl;hpj;bat;asm;asmx</Extensions>
    </Filter>
    <Filter Include="Header Files">
      <UniqueIdentifier>{93995380-89BD-4b04-88EB-625FBE52EBFB}</UniqueIdentifier>
      <Extensions>h;hh;hpp;hxx;hm;inl;inc;ipp;xsd</Extensions>
    </Filter>
    <Filter Include="Resource Files">
      <UniqueIdentifier>{67DA6AB6-F800-4c08-8B7A-83BB121AAD01}</UniqueIdentifier>
      <Extensions>rc;ico;cur;bmp;dlg;rc2;rct;bin;rgs;gif;jpg;jpeg;jpe;resx;tiff;tif;png;wav;mfcribbon-ms</Extensions>
    </Filter>
    <Filter Include="Renderer">
      <UniqueIdentifier>{708e06a1-9dc6-423c-ac5e-f74fe48be588}</UniqueIdentifier>
    </Filter>
    <Filter Include="Framework">
      <UniqueIdentifier>{5ddbefa3-0f9b-4c31-9d47-aefda04fd985}</UniqueIdentifier>
    </Filter>
    <Filter Include="Sys">
      <UniqueIdentifier>{540226a3-9e88-461c-97b9-61045ebb5785}</UniqueIdentifier>
    </Filter>
    <Filter Include="Sys\Win32">
      <UniqueIdentifier>{d67fb797-8f72-4620-8caa-d9cc2774e0bb}</UniqueIdentifier>
    </Filter>
    <Filter Include="d3xp">
      <UniqueIdentifier>{3993fe6e-21ea-412c-9038-b28002db051a}</UniqueIdentifier>
    </Filter>
    <Filter Include="d3xp\GameSys">
      <UniqueIdentifier>{9f682a5f-c8e7-4465-9331-010dcfd6b886}</UniqueIdentifier>
    </Filter>
    <Filter Include="idlib">
      <UniqueIdentifier>{c5e224ca-eda0-4765-a4ac-69407b410ef1}</UniqueIdentifier>
    </Filter>
    <Filter Include="idlib\Math">
      <UniqueIdentifier>{c3c0e399-f35b-4757-b7e6-b34838c7b155}</UniqueIdentifier>
    </Filter>
    <Filter Include="Physics">
      <UniqueIdentifier>{a6c139d0-42ef-4b27-bfaa-0cfe6f33eb2a}</UniqueIdentifier>
    </Filter>
    <Filter Include="idlib\Sys">
      <UniqueIdentifier>{2a45fccf-5d93-470c-b65d-4b2cbfd966a3}</UniqueIdentifier>
    </Filter>
    <Filter Include="idlib\BV">
      <UniqueIdentifier>{e84570f6-125f-4c1b-bb8a-850382651355}</UniqueIdentifier>
    </Filter>
    <Filter Include="CM">
      <UniqueIdentifier>{83882e58-5898-45f2-bfe8-b19c9270f743}</UniqueIdentifier>
    </Filter>
    <Filter Include="idlib\Containers">
      <UniqueIdentifier>{1e12e755-6689-4e13-819c-5b774a6fa4dd}</UniqueIdentifier>
    </Filter>
    <Filter Include="idlib\Geometry">
      <UniqueIdentifier>{c6cd5d2b-51a9-4a54-8618-1ec9555ac65b}</UniqueIdentifier>
    </Filter>
    <Filter Include="d3xp\AI">
      <UniqueIdentifier>{56eb0375-5264-4b06-ad30-ec340ea48180}</UniqueIdentifier>
    </Filter>
    <Filter Include="idlib\Text">
      <UniqueIdentifier>{befe0a83-32a2-42f1-82d8-7f4eb5658a62}</UniqueIdentifier>
    </Filter>
    <Filter Include="d3xp\Menus">
      <UniqueIdentifier>{ca99614f-5386-4f32-bfd7-40763b2ecf90}</UniqueIdentifier>
    </Filter>
    <Filter Include="SWF">
      <UniqueIdentifier>{de44eb55-0bbd-4ddb-8c9c-28a6b1c5554f}</UniqueIdentifier>
    </Filter>
  </ItemGroup>
  <ItemGroup>
    <ClInclude Include="Renderer\Model.h">
      <Filter>Renderer</Filter>
    </ClInclude>
    <ClInclude Include="Renderer\Model_local.h">
      <Filter>Renderer</Filter>
    </ClInclude>
    <ClInclude Include="Renderer\ModelManager.h">
      <Filter>Renderer</Filter>
    </ClInclude>
    <ClInclude Include="Renderer\RenderSystem.h">
      <Filter>Renderer</Filter>
    </ClInclude>
    <ClInclude Include="Renderer\RenderWorld.h">
      <Filter>Renderer</Filter>
    </ClInclude>
    <ClInclude Include="Renderer\RenderWorld_local.h">
      <Filter>Renderer</Filter>
    </ClInclude>
    <ClInclude Include="Renderer\tr_local.h">
      <Filter>Renderer</Filter>
    </ClInclude>
    <ClInclude Include="Renderer\Screen.h">
      <Filter>Renderer</Filter>
    </ClInclude>
    <ClInclude Include="d3xp\Game.h">
      <Filter>d3xp</Filter>
    </ClInclude>
    <ClInclude Include="d3xp\Game_local.h">
      <Filter>d3xp</Filter>
    </ClInclude>
    <ClInclude Include="framework\Common.h">
      <Filter>Framework</Filter>
    </ClInclude>
    <ClInclude Include="framework\Common_local.h">
      <Filter>Framework</Filter>
    </ClInclude>
    <ClInclude Include="d3xp\gamesys\Class.h">
      <Filter>d3xp\GameSys</Filter>
    </ClInclude>
    <ClInclude Include="idlib\Dict.h">
      <Filter>idlib</Filter>
    </ClInclude>
    <ClInclude Include="idlib\sys\sys_types.h">
      <Filter>idlib\Sys</Filter>
    </ClInclude>
    <ClInclude Include="idlib\bv\Bounds.h">
      <Filter>idlib\BV</Filter>
    </ClInclude>
    <ClInclude Include="cm\CollisionModel.h">
      <Filter>CM</Filter>
    </ClInclude>
    <ClInclude Include="d3xp\physics\Physics.h">
      <Filter>Physics</Filter>
    </ClInclude>
    <ClInclude Include="d3xp\physics\Physics_Base.h">
      <Filter>Physics</Filter>
    </ClInclude>
    <ClInclude Include="d3xp\physics\Physics_RigidBody.h">
      <Filter>Physics</Filter>
    </ClInclude>
    <ClInclude Include="d3xp\physics\Physics_Static.h">
      <Filter>Physics</Filter>
    </ClInclude>
    <ClInclude Include="d3xp\ai\AI.h">
      <Filter>d3xp\AI</Filter>
    </ClInclude>
    <ClInclude Include="d3xp\physics\Clip.h">
      <Filter>Physics</Filter>
    </ClInclude>
    <ClInclude Include="d3xp\Entity.h">
      <Filter>d3xp</Filter>
    </ClInclude>
    <ClInclude Include="idlib\containers\LinkList.h">
      <Filter>idlib\Containers</Filter>
    </ClInclude>
    <ClInclude Include="d3xp\Misc.h">
      <Filter>d3xp</Filter>
    </ClInclude>
    <ClInclude Include="cm\CollisionModel_local.h">
      <Filter>CM</Filter>
    </ClInclude>
    <ClInclude Include="idlib\geometry\TraceModel.h">
      <Filter>idlib\Geometry</Filter>
    </ClInclude>
    <ClInclude Include="idlib\math\Math.h">
      <Filter>idlib\Math</Filter>
    </ClInclude>
    <ClInclude Include="d3xp\Actor.h">
      <Filter>d3xp</Filter>
    </ClInclude>
    <ClInclude Include="d3xp\Player.h">
      <Filter>d3xp</Filter>
    </ClInclude>
    <ClInclude Include="framework\File.h">
      <Filter>Framework</Filter>
    </ClInclude>
    <ClInclude Include="framework\FileSystem.h">
      <Filter>Framework</Filter>
    </ClInclude>
    <ClInclude Include="idlib\sys\sys_assert.h">
      <Filter>idlib\Sys</Filter>
    </ClInclude>
    <ClInclude Include="idlib\Lib.h">
      <Filter>idlib</Filter>
    </ClInclude>
    <ClInclude Include="idlib\Str.h">
      <Filter>idlib\Text</Filter>
    </ClInclude>
    <ClInclude Include="idlib\math\Ode.h">
      <Filter>idlib\Math</Filter>
    </ClInclude>
    <ClInclude Include="idlib\math\Vector2.h">
      <Filter>idlib\Math</Filter>
    </ClInclude>
    <ClInclude Include="framework\KeyInput.h">
      <Filter>Framework</Filter>
    </ClInclude>
    <ClInclude Include="framework\UsercmdGen.h">
      <Filter>Framework</Filter>
    </ClInclude>
    <ClInclude Include="framework\CmdSystem.h">
      <Filter>Framework</Filter>
    </ClInclude>
    <ClInclude Include="idlib\CmdArgs.h">
      <Filter>idlib\Text</Filter>
    </ClInclude>
    <ClInclude Include="idlib\sys\sys_defines.h">
      <Filter>idlib\Sys</Filter>
    </ClInclude>
    <ClInclude Include="sys\sys_public.h">
      <Filter>Sys</Filter>
    </ClInclude>
    <ClInclude Include="idlib\sys\sys_filesystem.h">
      <Filter>idlib\Sys</Filter>
    </ClInclude>
    <ClInclude Include="framework\CVarSystem.h">
      <Filter>Framework</Filter>
    </ClInclude>
    <ClInclude Include="sys\win32\win_local.h">
      <Filter>Sys\Win32</Filter>
    </ClInclude>
    <ClInclude Include="framework\EventLoop.h">
      <Filter>Framework</Filter>
    </ClInclude>
    <ClInclude Include="framework\Console.h">
      <Filter>Framework</Filter>
    </ClInclude>
    <ClInclude Include="framework\EditField.h">
      <Filter>Framework</Filter>
    </ClInclude>
    <ClInclude Include="d3xp\physics\Physics_Actor.h">
      <Filter>Physics</Filter>
    </ClInclude>
    <ClInclude Include="d3xp\physics\Physics_Player.h">
      <Filter>Physics</Filter>
    </ClInclude>
    <ClInclude Include="d3xp\gamesys\SysCvar.h">
      <Filter>d3xp\GameSys</Filter>
    </ClInclude>
    <ClInclude Include="d3xp\gamesys\Event.h">
      <Filter>d3xp\GameSys</Filter>
    </ClInclude>
    <ClInclude Include="idlib\containers\Hierarchy.h">
      <Filter>idlib\Containers</Filter>
    </ClInclude>
    <ClInclude Include="d3xp\AFEntity.h">
      <Filter>d3xp</Filter>
    </ClInclude>
    <ClInclude Include="d3xp\physics\Physics_AF.h">
      <Filter>Physics</Filter>
    </ClInclude>
    <ClInclude Include="d3xp\menus\MenuHandler.h">
      <Filter>d3xp\Menus</Filter>
    </ClInclude>
    <ClInclude Include="d3xp\menus\MenuScreen.h">
      <Filter>d3xp\Menus</Filter>
    </ClInclude>
    <ClInclude Include="d3xp\menus\MenuWidget.h">
      <Filter>d3xp\Menus</Filter>
    </ClInclude>
    <ClInclude Include="d3xp\physics\Physics_PlayerChain.h">
      <Filter>Physics</Filter>
    </ClInclude>
    <ClInclude Include="d3xp\PlayerChain.h">
      <Filter>d3xp</Filter>
    </ClInclude>
    <ClInclude Include="sys\sys_session.h">
      <Filter>Sys</Filter>
    </ClInclude>
    <ClInclude Include="sys\sys_session_local.h">
      <Filter>Sys</Filter>
    </ClInclude>
    <ClInclude Include="idlib\precompiled.h">
      <Filter>idlib</Filter>
    </ClInclude>
    <ClInclude Include="idlib\sys\sys_includes.h">
      <Filter>idlib\Sys</Filter>
    </ClInclude>
    <ClInclude Include="SWF\SWF.h">
      <Filter>SWF</Filter>
    </ClInclude>
    <ClInclude Include="SWF\SWF_ParmList.h">
      <Filter>SWF</Filter>
    </ClInclude>
    <ClInclude Include="SWF\SWF_ScriptFunction.h">
      <Filter>SWF</Filter>
    </ClInclude>
    <ClInclude Include="SWF\SWF_ScriptObject.h">
      <Filter>SWF</Filter>
    </ClInclude>
    <ClInclude Include="SWF\SWF_ScriptVar.h">
      <Filter>SWF</Filter>
    </ClInclude>
    <ClInclude Include="SWF\SWF_SpriteInstance.h">
      <Filter>SWF</Filter>
    </ClInclude>
    <ClInclude Include="SWF\SWF_TextInstance.h">
      <Filter>SWF</Filter>
    </ClInclude>
    <ClInclude Include="SWF\SWF_Types.h">
      <Filter>SWF</Filter>
    </ClInclude>
  </ItemGroup>
  <ItemGroup>
    <ClCompile Include="Renderer\Model.cpp">
      <Filter>Renderer</Filter>
    </ClCompile>
    <ClCompile Include="Renderer\ModelManager.cpp">
      <Filter>Renderer</Filter>
    </ClCompile>
    <ClCompile Include="Renderer\RenderEntity.cpp">
      <Filter>Renderer</Filter>
    </ClCompile>
    <ClCompile Include="Renderer\RenderSystem.cpp">
      <Filter>Renderer</Filter>
    </ClCompile>
    <ClCompile Include="Renderer\RenderSystem_init.cpp">
      <Filter>Renderer</Filter>
    </ClCompile>
    <ClCompile Include="Renderer\RenderWorld.cpp">
      <Filter>Renderer</Filter>
    </ClCompile>
    <ClCompile Include="Renderer\RenderWorld_defs.cpp">
      <Filter>Renderer</Filter>
    </ClCompile>
    <ClCompile Include="Renderer\RenderWorld_load.cpp">
      <Filter>Renderer</Filter>
    </ClCompile>
    <ClCompile Include="Renderer\RenderWorld_portals.cpp">
      <Filter>Renderer</Filter>
    </ClCompile>
    <ClCompile Include="Renderer\tr_backend_draw.cpp">
      <Filter>Renderer</Filter>
    </ClCompile>
    <ClCompile Include="Renderer\tr_backend_render_tools.cpp">
      <Filter>Renderer</Filter>
    </ClCompile>
    <ClCompile Include="Renderer\tr_frontend_addmodels.cpp">
      <Filter>Renderer</Filter>
    </ClCompile>
    <ClCompile Include="Renderer\tr_frontend_main.cpp">
      <Filter>Renderer</Filter>
    </ClCompile>
    <ClCompile Include="Renderer\Screen.cpp">
      <Filter>Renderer</Filter>
    </ClCompile>
    <ClCompile Include="Sys\Win32\win_cpu.cpp">
      <Filter>Sys\Win32</Filter>
    </ClCompile>
    <ClCompile Include="Sys\Win32\win_shared.cpp">
      <Filter>Sys\Win32</Filter>
    </ClCompile>
    <ClCompile Include="d3xp\Game.cpp">
      <Filter>d3xp</Filter>
    </ClCompile>
    <ClCompile Include="d3xp\Game_local.cpp">
      <Filter>d3xp</Filter>
    </ClCompile>
    <ClCompile Include="d3xp\GameEdit.cpp">
      <Filter>d3xp</Filter>
    </ClCompile>
    <ClCompile Include="framework\Common.cpp">
      <Filter>Framework</Filter>
    </ClCompile>
    <ClCompile Include="framework\common_frame.cpp">
      <Filter>Framework</Filter>
    </ClCompile>
    <ClCompile Include="framework\Common_load.cpp">
      <Filter>Framework</Filter>
    </ClCompile>
    <ClCompile Include="d3xp\gamesys\Class.cpp">
      <Filter>d3xp\GameSys</Filter>
    </ClCompile>
    <ClCompile Include="idlib\Dict.cpp">
      <Filter>idlib</Filter>
    </ClCompile>
    <ClCompile Include="idlib\math\Vector2.cpp">
      <Filter>idlib\Math</Filter>
    </ClCompile>
    <ClCompile Include="d3xp\physics\Physics.cpp">
      <Filter>Physics</Filter>
    </ClCompile>
    <ClCompile Include="d3xp\physics\Physics_Base.cpp">
      <Filter>Physics</Filter>
    </ClCompile>
    <ClCompile Include="d3xp\physics\Physics_RigidBody.cpp">
      <Filter>Physics</Filter>
    </ClCompile>
    <ClCompile Include="d3xp\physics\Physics_Static.cpp">
      <Filter>Physics</Filter>
    </ClCompile>
    <ClCompile Include="d3xp\ai\AI.cpp">
      <Filter>d3xp\AI</Filter>
    </ClCompile>
    <ClCompile Include="d3xp\physics\Clip.cpp">
      <Filter>Physics</Filter>
    </ClCompile>
    <ClCompile Include="d3xp\Entity.cpp">
      <Filter>d3xp</Filter>
    </ClCompile>
    <ClCompile Include="d3xp\Misc.cpp">
      <Filter>d3xp</Filter>
    </ClCompile>
    <ClCompile Include="cm\CollisionModel_load.cpp">
      <Filter>CM</Filter>
    </ClCompile>
    <ClCompile Include="d3xp\Actor.cpp">
      <Filter>d3xp</Filter>
    </ClCompile>
    <ClCompile Include="d3xp\Player.cpp">
      <Filter>d3xp</Filter>
    </ClCompile>
    <ClCompile Include="cm\CollisionModel_contacts.cpp">
      <Filter>CM</Filter>
    </ClCompile>
    <ClCompile Include="idlib\bv\Bounds.cpp">
      <Filter>idlib\BV</Filter>
    </ClCompile>
    <ClCompile Include="idlib\math\Math.cpp">
      <Filter>idlib\Math</Filter>
    </ClCompile>
    <ClCompile Include="framework\File.cpp">
      <Filter>Framework</Filter>
    </ClCompile>
    <ClCompile Include="framework\Common_printf.cpp">
      <Filter>Framework</Filter>
    </ClCompile>
    <ClCompile Include="framework\FileSystem.cpp">
      <Filter>Framework</Filter>
    </ClCompile>
    <ClCompile Include="cm\CollisionModel_translate.cpp">
      <Filter>CM</Filter>
    </ClCompile>
    <ClCompile Include="idlib\Str.cpp">
      <Filter>idlib\Text</Filter>
    </ClCompile>
    <ClCompile Include="idlib\math\Ode.cpp">
      <Filter>idlib\Math</Filter>
    </ClCompile>
    <ClCompile Include="cm\CollisionModel_trace.cpp">
      <Filter>CM</Filter>
    </ClCompile>
    <ClCompile Include="cm\CollisionModel_contents.cpp">
      <Filter>CM</Filter>
    </ClCompile>
    <ClCompile Include="cm\CollisionModel_files.cpp">
      <Filter>CM</Filter>
    </ClCompile>
    <ClCompile Include="cm\CollisionModel.cpp">
      <Filter>CM</Filter>
    </ClCompile>
    <ClCompile Include="d3xp\gamesys\SysCmds.cpp">
      <Filter>d3xp\GameSys</Filter>
    </ClCompile>
    <ClCompile Include="framework\KeyInput.cpp">
      <Filter>Framework</Filter>
    </ClCompile>
    <ClCompile Include="framework\UsercmdGen.cpp">
      <Filter>Framework</Filter>
    </ClCompile>
    <ClCompile Include="sys\win32\win_input.cpp">
      <Filter>Sys\Win32</Filter>
    </ClCompile>
    <ClCompile Include="sys\win32\win_main.cpp">
      <Filter>Sys\Win32</Filter>
    </ClCompile>
    <ClCompile Include="framework\CmdSystem.cpp">
      <Filter>Framework</Filter>
    </ClCompile>
    <ClCompile Include="idlib\CmdArgs.cpp">
      <Filter>idlib\Text</Filter>
    </ClCompile>
    <ClCompile Include="framework\CVarSystem.cpp">
      <Filter>Framework</Filter>
    </ClCompile>
    <ClCompile Include="framework\EventLoop.cpp">
      <Filter>Framework</Filter>
    </ClCompile>
    <ClCompile Include="framework\Common_menu.cpp">
      <Filter>Framework</Filter>
    </ClCompile>
    <ClCompile Include="framework\Console.cpp">
      <Filter>Framework</Filter>
    </ClCompile>
    <ClCompile Include="framework\EditField.cpp">
      <Filter>Framework</Filter>
    </ClCompile>
    <ClCompile Include="d3xp\Game_network.cpp">
      <Filter>d3xp</Filter>
    </ClCompile>
    <ClCompile Include="d3xp\physics\Physics_Actor.cpp">
      <Filter>Physics</Filter>
    </ClCompile>
    <ClCompile Include="d3xp\physics\Physics_Player.cpp">
      <Filter>Physics</Filter>
    </ClCompile>
    <ClCompile Include="d3xp\gamesys\SysCvar.cpp">
      <Filter>d3xp\GameSys</Filter>
    </ClCompile>
    <ClCompile Include="d3xp\gamesys\Event.cpp">
      <Filter>d3xp\GameSys</Filter>
    </ClCompile>
    <ClCompile Include="d3xp\AFEntity.cpp">
      <Filter>d3xp</Filter>
    </ClCompile>
    <ClCompile Include="d3xp\physics\Physics_AF.cpp">
      <Filter>Physics</Filter>
    </ClCompile>
    <ClCompile Include="d3xp\menus\MenuHandler.cpp">
      <Filter>d3xp\Menus</Filter>
    </ClCompile>
    <ClCompile Include="d3xp\menus\MenuHandler_Shell.cpp">
      <Filter>d3xp\Menus</Filter>
    </ClCompile>
    <ClCompile Include="d3xp\menus\MenuScreen.cpp">
      <Filter>d3xp\Menus</Filter>
    </ClCompile>
    <ClCompile Include="d3xp\menus\MenuWidget.cpp">
      <Filter>d3xp\Menus</Filter>
    </ClCompile>
    <ClCompile Include="d3xp\physics\Physics_PlayerChain.cpp">
      <Filter>Physics</Filter>
    </ClCompile>
    <ClCompile Include="d3xp\PlayerChain.cpp">
      <Filter>d3xp</Filter>
    </ClCompile>
    <ClCompile Include="sys\sys_session_local.cpp">
      <Filter>Sys</Filter>
    </ClCompile>
    <ClCompile Include="sys\win32\win_session_local.cpp">
      <Filter>Sys\Win32</Filter>
    </ClCompile>
    <ClCompile Include="d3xp\menus\MenuScreen_Shell_PressStart.cpp">
      <Filter>d3xp\Menus</Filter>
    </ClCompile>
    <ClCompile Include="d3xp\menus\MenuWidget_Button.cpp">
      <Filter>d3xp\Menus</Filter>
    </ClCompile>
    <ClCompile Include="d3xp\menus\MenuWidget_CommandBar.cpp">
      <Filter>d3xp\Menus</Filter>
    </ClCompile>
    <ClCompile Include="idlib\precompiled.cpp">
      <Filter>idlib</Filter>
    </ClCompile>
    <ClCompile Include="idlib\sys\sys_assert.cpp">
      <Filter>idlib\Sys</Filter>
    </ClCompile>
    <ClCompile Include="idlib\Lib.cpp">
      <Filter>idlib</Filter>
    </ClCompile>
    <ClCompile Include="d3xp\menus\MenuScreen_Shell_Root.cpp">
      <Filter>d3xp\Menus</Filter>
    </ClCompile>
    <ClCompile Include="d3xp\menus\MenuWidget_NavButton.cpp">
      <Filter>d3xp\Menus</Filter>
    </ClCompile>
    <ClCompile Include="d3xp\menus\MenuWidget_List.cpp">
      <Filter>d3xp\Menus</Filter>
    </ClCompile>
    <ClCompile Include="d3xp\menus\MenuWidget_DynamicList.cpp">
      <Filter>d3xp\Menus</Filter>
    </ClCompile>
    <ClCompile Include="SWF\SWF_Events.cpp">
      <Filter>SWF</Filter>
    </ClCompile>
    <ClCompile Include="SWF\SWF_Main.cpp">
      <Filter>SWF</Filter>
    </ClCompile>
    <ClCompile Include="SWF\SWF_ParmList.cpp">
      <Filter>SWF</Filter>
    </ClCompile>
    <ClCompile Include="SWF\SWF_PlaceObject.cpp">
      <Filter>SWF</Filter>
    </ClCompile>
    <ClCompile Include="SWF\SWF_Render.cpp">
      <Filter>SWF</Filter>
    </ClCompile>
    <ClCompile Include="SWF\SWF_ScriptObject.cpp">
      <Filter>SWF</Filter>
    </ClCompile>
    <ClCompile Include="SWF\SWF_ScriptVar.cpp">
      <Filter>SWF</Filter>
    </ClCompile>
    <ClCompile Include="SWF\SWF_SpriteInstance.cpp">
      <Filter>SWF</Filter>
    </ClCompile>
    <ClCompile Include="SWF\SWF_TextInstance.cpp">
      <Filter>SWF</Filter>
    </ClCompile>
    <ClCompile Include="d3xp\menus\MenuWidget_MenuBar.cpp">
      <Filter>d3xp\Menus</Filter>
    </ClCompile>
    <ClCompile Include="d3xp\menus\MenuScreen_Shell_Singleplayer.cpp">
      <Filter>d3xp\Menus</Filter>
    </ClCompile>
  </ItemGroup>
</Project>